// !$*UTF8*$!
{
	archiveVersion = 1;
	classes = {
	};
	objectVersion = 46;
	objects = {

/* Begin PBXBuildFile section */
		0664B7341D9DA2F600BFEDA2 /* TableViewController.m in Sources */ = {isa = PBXBuildFile; fileRef = 0664B7331D9DA2F600BFEDA2 /* TableViewController.m */; };
		06BE88A61D9AC53A00119703 /* main.m in Sources */ = {isa = PBXBuildFile; fileRef = 06BE88A51D9AC53A00119703 /* main.m */; };
		06BE88A91D9AC53A00119703 /* AppDelegate.m in Sources */ = {isa = PBXBuildFile; fileRef = 06BE88A81D9AC53A00119703 /* AppDelegate.m */; };
		06BE88AC1D9AC53A00119703 /* ViewController.m in Sources */ = {isa = PBXBuildFile; fileRef = 06BE88AB1D9AC53A00119703 /* ViewController.m */; };
		06BE88AF1D9AC53A00119703 /* Main.storyboard in Resources */ = {isa = PBXBuildFile; fileRef = 06BE88AD1D9AC53A00119703 /* Main.storyboard */; };
		06BE88B11D9AC53A00119703 /* Assets.xcassets in Resources */ = {isa = PBXBuildFile; fileRef = 06BE88B01D9AC53A00119703 /* Assets.xcassets */; };
		06BE88B41D9AC53A00119703 /* LaunchScreen.storyboard in Resources */ = {isa = PBXBuildFile; fileRef = 06BE88B21D9AC53A00119703 /* LaunchScreen.storyboard */; };
		06BE88BD1D9AC56600119703 /* MediaPlayer.framework in Frameworks */ = {isa = PBXBuildFile; fileRef = 06BE88BC1D9AC56600119703 /* MediaPlayer.framework */; };
/* End PBXBuildFile section */

/* Begin PBXFileReference section */
		0664B7321D9DA2F600BFEDA2 /* TableViewController.h */ = {isa = PBXFileReference; fileEncoding = 4; lastKnownFileType = sourcecode.c.h; path = TableViewController.h; sourceTree = "<group>"; };
		0664B7331D9DA2F600BFEDA2 /* TableViewController.m */ = {isa = PBXFileReference; fileEncoding = 4; lastKnownFileType = sourcecode.c.objc; path = TableViewController.m; sourceTree = "<group>"; };
		06BE88A11D9AC53A00119703 /* deletethis.app */ = {isa = PBXFileReference; explicitFileType = wrapper.application; includeInIndex = 0; path = deletethis.app; sourceTree = BUILT_PRODUCTS_DIR; };
		06BE88A51D9AC53A00119703 /* main.m */ = {isa = PBXFileReference; lastKnownFileType = sourcecode.c.objc; path = main.m; sourceTree = "<group>"; };
		06BE88A71D9AC53A00119703 /* AppDelegate.h */ = {isa = PBXFileReference; lastKnownFileType = sourcecode.c.h; path = AppDelegate.h; sourceTree = "<group>"; };
		06BE88A81D9AC53A00119703 /* AppDelegate.m */ = {isa = PBXFileReference; lastKnownFileType = sourcecode.c.objc; path = AppDelegate.m; sourceTree = "<group>"; };
		06BE88AA1D9AC53A00119703 /* ViewController.h */ = {isa = PBXFileReference; lastKnownFileType = sourcecode.c.h; path = ViewController.h; sourceTree = "<group>"; };
		06BE88AB1D9AC53A00119703 /* ViewController.m */ = {isa = PBXFileReference; lastKnownFileType = sourcecode.c.objc; path = ViewController.m; sourceTree = "<group>"; };
		06BE88AE1D9AC53A00119703 /* Base */ = {isa = PBXFileReference; lastKnownFileType = file.storyboard; name = Base; path = Base.lproj/Main.storyboard; sourceTree = "<group>"; };
		06BE88B01D9AC53A00119703 /* Assets.xcassets */ = {isa = PBXFileReference; lastKnownFileType = folder.assetcatalog; path = Assets.xcassets; sourceTree = "<group>"; };
		06BE88B31D9AC53A00119703 /* Base */ = {isa = PBXFileReference; lastKnownFileType = file.storyboard; name = Base; path = Base.lproj/LaunchScreen.storyboard; sourceTree = "<group>"; };
		06BE88B51D9AC53A00119703 /* Info.plist */ = {isa = PBXFileReference; lastKnownFileType = text.plist.xml; path = Info.plist; sourceTree = "<group>"; };
		06BE88BC1D9AC56600119703 /* MediaPlayer.framework */ = {isa = PBXFileReference; lastKnownFileType = wrapper.framework; name = MediaPlayer.framework; path = System/Library/Frameworks/MediaPlayer.framework; sourceTree = SDKROOT; };
/* End PBXFileReference section */

/* Begin PBXFrameworksBuildPhase section */
		06BE889E1D9AC53900119703 /* Frameworks */ = {
			isa = PBXFrameworksBuildPhase;
			buildActionMask = 2147483647;
			files = (
				06BE88BD1D9AC56600119703 /* MediaPlayer.framework in Frameworks */,
			);
			runOnlyForDeploymentPostprocessing = 0;
		};
/* End PBXFrameworksBuildPhase section */

/* Begin PBXGroup section */
		06BE88981D9AC53900119703 = {
			isa = PBXGroup;
			children = (
				06BE88A31D9AC53A00119703 /* deletethis */,
				06BE88A21D9AC53A00119703 /* Products */,
				06BE88BB1D9AC56500119703 /* Frameworks */,
			);
			sourceTree = "<group>";
		};
		06BE88A21D9AC53A00119703 /* Products */ = {
			isa = PBXGroup;
			children = (
				06BE88A11D9AC53A00119703 /* deletethis.app */,
			);
			name = Products;
			sourceTree = "<group>";
		};
		06BE88A31D9AC53A00119703 /* deletethis */ = {
			isa = PBXGroup;
			children = (
				06BE88A71D9AC53A00119703 /* AppDelegate.h */,
				06BE88A81D9AC53A00119703 /* AppDelegate.m */,
				06BE88AA1D9AC53A00119703 /* ViewController.h */,
				06BE88AB1D9AC53A00119703 /* ViewController.m */,
				06BE88AD1D9AC53A00119703 /* Main.storyboard */,
				0664B7321D9DA2F600BFEDA2 /* TableViewController.h */,
				0664B7331D9DA2F600BFEDA2 /* TableViewController.m */,
				06BE88B01D9AC53A00119703 /* Assets.xcassets */,
				06BE88B21D9AC53A00119703 /* LaunchScreen.storyboard */,
				06BE88B51D9AC53A00119703 /* Info.plist */,
				06BE88A41D9AC53A00119703 /* Supporting Files */,
			);
			path = deletethis;
			sourceTree = "<group>";
		};
		06BE88A41D9AC53A00119703 /* Supporting Files */ = {
			isa = PBXGroup;
			children = (
				06BE88A51D9AC53A00119703 /* main.m */,
			);
			name = "Supporting Files";
			sourceTree = "<group>";
		};
		06BE88BB1D9AC56500119703 /* Frameworks */ = {
			isa = PBXGroup;
			children = (
				06BE88BC1D9AC56600119703 /* MediaPlayer.framework */,
			);
			name = Frameworks;
			sourceTree = "<group>";
		};
/* End PBXGroup section */

/* Begin PBXNativeTarget section */
		06BE88A01D9AC53900119703 /* deletethis */ = {
			isa = PBXNativeTarget;
			buildConfigurationList = 06BE88B81D9AC53A00119703 /* Build configuration list for PBXNativeTarget "deletethis" */;
			buildPhases = (
				06BE889D1D9AC53900119703 /* Sources */,
				06BE889E1D9AC53900119703 /* Frameworks */,
				06BE889F1D9AC53900119703 /* Resources */,
			);
			buildRules = (
			);
			dependencies = (
			);
			name = deletethis;
			productName = deletethis;
			productReference = 06BE88A11D9AC53A00119703 /* deletethis.app */;
			productType = "com.apple.product-type.application";
		};
/* End PBXNativeTarget section */

/* Begin PBXProject section */
		06BE88991D9AC53900119703 /* Project object */ = {
			isa = PBXProject;
			attributes = {
				LastUpgradeCheck = 0800;
				ORGANIZATIONNAME = "vinod kumar lingamsetty";
				TargetAttributes = {
					06BE88A01D9AC53900119703 = {
						CreatedOnToolsVersion = 8.0;
						DevelopmentTeam = 9JL529NFTA;
						ProvisioningStyle = Automatic;
					};
				};
			};
			buildConfigurationList = 06BE889C1D9AC53900119703 /* Build configuration list for PBXProject "deletethis" */;
			compatibilityVersion = "Xcode 3.2";
			developmentRegion = English;
			hasScannedForEncodings = 0;
			knownRegions = (
				en,
				Base,
			);
			mainGroup = 06BE88981D9AC53900119703;
			productRefGroup = 06BE88A21D9AC53A00119703 /* Products */;
			projectDirPath = "";
			projectRoot = "";
			targets = (
				06BE88A01D9AC53900119703 /* deletethis */,
			);
		};
/* End PBXProject section */

/* Begin PBXResourcesBuildPhase section */
		06BE889F1D9AC53900119703 /* Resources */ = {
			isa = PBXResourcesBuildPhase;
			buildActionMask = 2147483647;
			files = (
				06BE88B41D9AC53A00119703 /* LaunchScreen.storyboard in Resources */,
				06BE88B11D9AC53A00119703 /* Assets.xcassets in Resources */,
				06BE88AF1D9AC53A00119703 /* Main.storyboard in Resources */,
			);
			runOnlyForDeploymentPostprocessing = 0;
		};
/* End PBXResourcesBuildPhase section */

/* Begin PBXSourcesBuildPhase section */
		06BE889D1D9AC53900119703 /* Sources */ = {
			isa = PBXSourcesBuildPhase;
			buildActionMask = 2147483647;
			files = (
				06BE88AC1D9AC53A00119703 /* ViewController.m in Sources */,
				06BE88A91D9AC53A00119703 /* AppDelegate.m in Sources */,
				06BE88A61D9AC53A00119703 /* main.m in Sources */,
				0664B7341D9DA2F600BFEDA2 /* TableViewController.m in Sources */,
			);
			runOnlyForDeploymentPostprocessing = 0;
		};
/* End PBXSourcesBuildPhase section */

/* Begin PBXVariantGroup section */
		06BE88AD1D9AC53A00119703 /* Main.storyboard */ = {
			isa = PBXVariantGroup;
			children = (
				06BE88AE1D9AC53A00119703 /* Base */,
			);
			name = Main.storyboard;
			sourceTree = "<group>";
		};
		06BE88B21D9AC53A00119703 /* LaunchScreen.storyboard */ = {
			isa = PBXVariantGroup;
			children = (
				06BE88B31D9AC53A00119703 /* Base */,
			);
			name = LaunchScreen.storyboard;
			sourceTree = "<group>";
		};
/* End PBXVariantGroup section */

/* Begin XCBuildConfiguration section */
		06BE88B61D9AC53A00119703 /* Debug */ = {
			isa = XCBuildConfiguration;
			buildSettings = {
				ALWAYS_SEARCH_USER_PATHS = NO;
				CLANG_ANALYZER_NONNULL = YES;
				CLANG_CXX_LANGUAGE_STANDARD = "gnu++0x";
				CLANG_CXX_LIBRARY = "libc++";
				CLANG_ENABLE_MODULES = YES;
				CLANG_ENABLE_OBJC_ARC = YES;
				CLANG_WARN_BOOL_CONVERSION = YES;
				CLANG_WARN_CONSTANT_CONVERSION = YES;
				CLANG_WARN_DIRECT_OBJC_ISA_USAGE = YES_ERROR;
				CLANG_WARN_DOCUMENTATION_COMMENTS = YES;
				CLANG_WARN_EMPTY_BODY = YES;
				CLANG_WARN_ENUM_CONVERSION = YES;
				CLANG_WARN_INFINITE_RECURSION = YES;
				CLANG_WARN_INT_CONVERSION = YES;
				CLANG_WARN_OBJC_ROOT_CLASS = YES_ERROR;
				CLANG_WARN_SUSPICIOUS_MOVES = YES;
				CLANG_WARN_UNREACHABLE_CODE = YES;
				CLANG_WARN__DUPLICATE_METHOD_MATCH = YES;
				"CODE_SIGN_IDENTITY[sdk=iphoneos*]" = "iPhone Developer";
				COPY_PHASE_STRIP = NO;
				DEBUG_INFORMATION_FORMAT = dwarf;
				ENABLE_STRICT_OBJC_MSGSEND = YES;
				ENABLE_TESTABILITY = YES;
				GCC_C_LANGUAGE_STANDARD = gnu99;
				GCC_DYNAMIC_NO_PIC = NO;
				GCC_NO_COMMON_BLOCKS = YES;
				GCC_OPTIMIZATION_LEVEL = 0;
				GCC_PREPROCESSOR_DEFINITIONS = (
					"DEBUG=1",
					"$(inherited)",
				);
				GCC_WARN_64_TO_32_BIT_CONVERSION = YES;
				GCC_WARN_ABOUT_RETURN_TYPE = YES_ERROR;
				GCC_WARN_UNDECLARED_SELECTOR = YES;
				GCC_WARN_UNINITIALIZED_AUTOS = YES_AGGRESSIVE;
				GCC_WARN_UNUSED_FUNCTION = YES;
				GCC_WARN_UNUSED_VARIABLE = YES;
				IPHONEOS_DEPLOYMENT_TARGET = 10.0;
				MTL_ENABLE_DEBUG_INFO = YES;
				ONLY_ACTIVE_ARCH = YES;
				SDKROOT = iphoneos;
			};
			name = Debug;
		};
		06BE88B71D9AC53A00119703 /* Release */ = {
			isa = XCBuildConfiguration;
			buildSettings = {
				ALWAYS_SEARCH_USER_PATHS = NO;
				CLANG_ANALYZER_NONNULL = YES;
				CLANG_CXX_LANGUAGE_STANDARD = "gnu++0x";
				CLANG_CXX_LIBRARY = "libc++";
				CLANG_ENABLE_MODULES = YES;
				CLANG_ENABLE_OBJC_ARC = YES;
				CLANG_WARN_BOOL_CONVERSION = YES;
				CLANG_WARN_CONSTANT_CONVERSION = YES;
				CLANG_WARN_DIRECT_OBJC_ISA_USAGE = YES_ERROR;
				CLANG_WARN_DOCUMENTATION_COMMENTS = YES;
				CLANG_WARN_EMPTY_BODY = YES;
				CLANG_WARN_ENUM_CONVERSION = YES;
				CLANG_WARN_INFINITE_RECURSION = YES;
				CLANG_WARN_INT_CONVERSION = YES;
				CLANG_WARN_OBJC_ROOT_CLASS = YES_ERROR;
				CLANG_WARN_SUSPICIOUS_MOVES = YES;
				CLANG_WARN_UNREACHABLE_CODE = YES;
				CLANG_WARN__DUPLICATE_METHOD_MATCH = YES;
				"CODE_SIGN_IDENTITY[sdk=iphoneos*]" = "iPhone Developer";
				COPY_PHASE_STRIP = NO;
				DEBUG_INFORMATION_FORMAT = "dwarf-with-dsym";
				ENABLE_NS_ASSERTIONS = NO;
				ENABLE_STRICT_OBJC_MSGSEND = YES;
				GCC_C_LANGUAGE_STANDARD = gnu99;
				GCC_NO_COMMON_BLOCKS = YES;
				GCC_WARN_64_TO_32_BIT_CONVERSION = YES;
				GCC_WARN_ABOUT_RETURN_TYPE = YES_ERROR;
				GCC_WARN_UNDECLARED_SELECTOR = YES;
				GCC_WARN_UNINITIALIZED_AUTOS = YES_AGGRESSIVE;
				GCC_WARN_UNUSED_FUNCTION = YES;
				GCC_WARN_UNUSED_VARIABLE = YES;
				IPHONEOS_DEPLOYMENT_TARGET = 10.0;
				MTL_ENABLE_DEBUG_INFO = NO;
				SDKROOT = iphoneos;
				VALIDATE_PRODUCT = YES;
			};
			name = Release;
		};
		06BE88B91D9AC53A00119703 /* Debug */ = {
			isa = XCBuildConfiguration;
			buildSettings = {
				ASSETCATALOG_COMPILER_APPICON_NAME = AppIcon;
				DEVELOPMENT_TEAM = 9JL529NFTA;
				INFOPLIST_FILE = deletethis/Info.plist;
				LD_RUNPATH_SEARCH_PATHS = "$(inherited) @executable_path/Frameworks";
				PRODUCT_BUNDLE_IDENTIFIER = com.vinod.deletethis;
				PRODUCT_NAME = "$(TARGET_NAME)";
			};
			name = Debug;
		};
		06BE88BA1D9AC53A00119703 /* Release */ = {
			isa = XCBuildConfiguration;
			buildSettings = {
				ASSETCATALOG_COMPILER_APPICON_NAME = AppIcon;
				DEVELOPMENT_TEAM = 9JL529NFTA;
				INFOPLIST_FILE = deletethis/Info.plist;
				LD_RUNPATH_SEARCH_PATHS = "$(inherited) @executable_path/Frameworks";
				PRODUCT_BUNDLE_IDENTIFIER = com.vinod.deletethis;
				PRODUCT_NAME = "$(TARGET_NAME)";
			};
			name = Release;
		};
/* End XCBuildConfiguration section */

/* Begin XCConfigurationList section */
		06BE889C1D9AC53900119703 /* Build configuration list for PBXProject "deletethis" */ = {
			isa = XCConfigurationList;
			buildConfigurations = (
				06BE88B61D9AC53A00119703 /* Debug */,
				06BE88B71D9AC53A00119703 /* Release */,
			);
			defaultConfigurationIsVisible = 0;
			defaultConfigurationName = Release;
		};
		06BE88B81D9AC53A00119703 /* Build configuration list for PBXNativeTarget "deletethis" */ = {
			isa = XCConfigurationList;
			buildConfigurations = (
				06BE88B91D9AC53A00119703 /* Debug */,
				06BE88BA1D9AC53A00119703 /* Release */,
			);
			defaultConfigurationIsVisible = 0;
			defaultConfigurationName = Release;
		};
/* End XCConfigurationList section */
	};
	rootObject = 06BE88991D9AC53900119703 /* Project object */;
}
